{
  "name": "aac",
  "version": "1.0.0",
  "lockfileVersion": 2,
  "requires": true,
  "packages": {
    "": {
      "name": "aac",
      "version": "1.0.0",
      "license": "ISC",
      "dependencies": {
        "hexy": "^0.3.5",
        "ws": "^8.11.0"
      }
    },
    "node_modules/hexy": {
      "version": "0.3.5",
      "resolved": "https://registry.npmjs.org/hexy/-/hexy-0.3.5.tgz",
      "integrity": "sha512-UCP7TIZPXz5kxYJnNOym+9xaenxCLor/JyhKieo8y8/bJWunGh9xbhy3YrgYJUQ87WwfXGm05X330DszOfINZw==",
      "bin": {
        "hexy": "bin/hexy_cmd.js"
      },
      "engines": {
        "node": ">=10.4"
      }
    },
    "node_modules/ws": {
      "version": "8.11.0",
      "resolved": "https://registry.npmjs.org/ws/-/ws-8.11.0.tgz",
      "integrity": "sha512-HPG3wQd9sNQoT9xHyNCXoDUa+Xw/VevmY9FoHyQ+g+rrMn4j6FB4np7Z0OhdTgjx6MgQLK7jwSy1YecU1+4Asg==",
      "engines": {
        "node": ">=10.0.0"
      },
      "peerDependencies": {
        "bufferutil": "^4.0.1",
        "utf-8-validate": "^5.0.2"
      },
      "peerDependenciesMeta": {
        "bufferutil": {
          "optional": true
        },
        "utf-8-validate": {
          "optional": true
        }
      }
    }
  },
  "dependencies": {
    "hexy": {
      "version": "0.3.5",
      "resolved": "https://registry.npmjs.org/hexy/-/hexy-0.3.5.tgz",
      "integrity": "sha512-UCP7TIZPXz5kxYJnNOym+9xaenxCLor/JyhKieo8y8/bJWunGh9xbhy3YrgYJUQ87WwfXGm05X330DszOfINZw=="
    },
    "ws": {
      "version": "8.11.0",
      "resolved": "https://registry.npmjs.org/ws/-/ws-8.11.0.tgz",
      "integrity": "sha512-HPG3wQd9sNQoT9xHyNCXoDUa+Xw/VevmY9FoHyQ+g+rrMn4j6FB4np7Z0OhdTgjx6MgQLK7jwSy1YecU1+4Asg==",
      "requires": {}
    }
  }
}
